
Microsoft Visual Studio Solution File, Format Version 12.00
# Visual Studio Version 16
VisualStudioVersion = 16.0.29926.136
MinimumVisualStudioVersion = 10.0.40219.1
Project("{FAE04EC0-301F-11D3-BF4B-00C04F79EFBC}") = "BelenTicaretApp", "BelenTicaretApp\BelenTicaretApp.csproj", "{212AC0F0-3E44-4CE9-BC83-9E8951A8598C}"
EndProject
Global
	GlobalSection(SolutionConfigurationPlatforms) = preSolution
		Debug|Any CPU = Debug|Any CPU
		Release|Any CPU = Release|Any CPU
	EndGlobalSection
	GlobalSection(ProjectConfigurationPlatforms) = postSolution
		{212AC0F0-3E44-4CE9-BC83-9E8951A8598C}.Debug|Any CPU.ActiveCfg = Debug|Any CPU
		{212AC0F0-3E44-4CE9-BC83-9E8951A8598C}.Debug|Any CPU.Build.0 = Debug|Any CPU
		{212AC0F0-3E44-4CE9-BC83-9E8951A8598C}.Release|Any CPU.ActiveCfg = Release|Any CPU
		{212AC0F0-3E44-4CE9-BC83-9E8951A8598C}.Release|Any CPU.Build.0 = Release|Any CPU
	EndGlobalSection
	GlobalSection(SolutionProperties) = preSolution
		HideSolutionNode = FALSE
	EndGlobalSection
	GlobalSection(ExtensibilityGlobals) = postSolution
		SolutionGuid = {6BF09597-AC8F-4470-88E1-62C72491180C}
	EndGlobalSection
EndGlobal
